<?xml version="1.0" encoding="utf-8"?>
<Project ToolsVersion="4.0" xmlns="http://schemas.microsoft.com/developer/msbuild/2003">
  <ItemGroup>
    <Filter Include="Source Files">
      <UniqueIdentifier>{4FC737F1-C7A5-4376-A066-2A32D752A2FF}</UniqueIdentifier>
      <Extensions>cpp;c;cc;cxx;def;odl;idl;hpj;bat;asm;asmx</Extensions>
    </Filter>
    <Filter Include="Header Files">
      <UniqueIdentifier>{93995380-89BD-4b04-88EB-625FBE52EBFB}</UniqueIdentifier>
      <Extensions>h;hh;hpp;hxx;hm;inl;inc;xsd</Extensions>
    </Filter>
    <Filter Include="Resource Files">
      <UniqueIdentifier>{67DA6AB6-F800-4c08-8B7A-83BB121AAD01}</UniqueIdentifier>
      <Extensions>rc;ico;cur;bmp;dlg;rc2;rct;bin;rgs;gif;jpg;jpeg;jpe;resx;tiff;tif;png;wav;mfcribbon-ms</Extensions>
    </Filter>
    <Filter Include="Pane">
      <UniqueIdentifier>{13b466a1-204b-40b6-9b33-db9627fa53d5}</UniqueIdentifier>
    </Filter>
    <Filter Include="UIComponent">
      <UniqueIdentifier>{2414c485-ea86-4cbf-bf61-9ebe62ed2d67}</UniqueIdentifier>
    </Filter>
    <Filter Include="Script">
      <UniqueIdentifier>{97a31902-0fc5-4428-9efc-ba8b248d88b3}</UniqueIdentifier>
    </Filter>
  </ItemGroup>
  <ItemGroup>
    <Text Include="ReadMe.txt" />
  </ItemGroup>
  <ItemGroup>
    <ClInclude Include="MotionMonitor.h">
      <Filter>Header Files</Filter>
    </ClInclude>
    <ClInclude Include="stdafx.h">
      <Filter>Header Files</Filter>
    </ClInclude>
    <ClInclude Include="targetver.h">
      <Filter>Header Files</Filter>
    </ClInclude>
    <ClInclude Include="MainFrm.h">
      <Filter>Header Files</Filter>
    </ClInclude>
    <ClInclude Include="MotionMonitorDoc.h">
      <Filter>Header Files</Filter>
    </ClInclude>
    <ClInclude Include="MotionMonitorView.h">
      <Filter>Header Files</Filter>
    </ClInclude>
    <ClInclude Include="Resource.h">
      <Filter>Header Files</Filter>
    </ClInclude>
    <ClInclude Include="MotionController.h">
      <Filter>Header Files</Filter>
    </ClInclude>
    <ClInclude Include="Global.h">
      <Filter>Header Files</Filter>
    </ClInclude>
    <ClInclude Include="..\Common\UIComponent\AutoHandle.h">
      <Filter>UIComponent</Filter>
    </ClInclude>
    <ClInclude Include="..\Common\UIComponent\AutoHeapAlloc.h">
      <Filter>UIComponent</Filter>
    </ClInclude>
    <ClInclude Include="..\Common\UIComponent\AutoHModule.h">
      <Filter>UIComponent</Filter>
    </ClInclude>
    <ClInclude Include="..\Common\UIComponent\BPCtrlAnchorMap.h">
      <Filter>UIComponent</Filter>
    </ClInclude>
    <ClInclude Include="..\Common\UIComponent\BufferedSerial.h">
      <Filter>UIComponent</Filter>
    </ClInclude>
    <ClInclude Include="..\Common\UIComponent\C3DView.h">
      <Filter>UIComponent</Filter>
    </ClInclude>
    <ClInclude Include="..\Common\UIComponent\ComPortCombo.h">
      <Filter>UIComponent</Filter>
    </ClInclude>
    <ClInclude Include="..\Common\UIComponent\Controller.h">
      <Filter>UIComponent</Filter>
    </ClInclude>
    <ClInclude Include="..\Common\UIComponent\DockablePaneBase.h">
      <Filter>UIComponent</Filter>
    </ClInclude>
    <ClInclude Include="..\Common\UIComponent\DockablePaneChildView.h">
      <Filter>UIComponent</Filter>
    </ClInclude>
    <ClInclude Include="..\Common\UIComponent\EnumDevices.h">
      <Filter>UIComponent</Filter>
    </ClInclude>
    <ClInclude Include="..\Common\UIComponent\enumser.h">
      <Filter>UIComponent</Filter>
    </ClInclude>
    <ClInclude Include="..\Common\UIComponent\MultiPlotWindow.h">
      <Filter>UIComponent</Filter>
    </ClInclude>
    <ClInclude Include="..\Common\UIComponent\PlotWindow.h">
      <Filter>UIComponent</Filter>
    </ClInclude>
    <ClInclude Include="..\Common\UIComponent\Serial.h">
      <Filter>UIComponent</Filter>
    </ClInclude>
    <ClInclude Include="..\Common\UIComponent\SerialCommunication.h">
      <Filter>UIComponent</Filter>
    </ClInclude>
    <ClInclude Include="..\Common\UIComponent\SerialObserver.h">
      <Filter>UIComponent</Filter>
    </ClInclude>
    <ClInclude Include="..\Common\UIComponent\UDPObserver.h">
      <Filter>UIComponent</Filter>
    </ClInclude>
    <ClInclude Include="..\Common\UIComponent\UIComponent.h">
      <Filter>UIComponent</Filter>
    </ClInclude>
    <ClInclude Include="..\Common\UIComponent\UpdateObserver.h">
      <Filter>UIComponent</Filter>
    </ClInclude>
    <ClInclude Include="motionwave.h">
      <Filter>Header Files</Filter>
    </ClInclude>
    <ClInclude Include="..\Common\UIComponent\FileTreeCtrl.h">
      <Filter>UIComponent</Filter>
    </ClInclude>
    <ClInclude Include="..\Common\UIComponent\UIUtiltity.h">
      <Filter>UIComponent</Filter>
    </ClInclude>
    <ClInclude Include="mixingconfig.h">
      <Filter>Header Files</Filter>
    </ClInclude>
    <ClInclude Include="motionwavemodulator.h">
      <Filter>Header Files</Filter>
    </ClInclude>
    <ClInclude Include="..\Common\UIComponent\overhauser.hpp">
      <Filter>UIComponent</Filter>
    </ClInclude>
    <ClInclude Include="spline.h">
      <Filter>Source Files</Filter>
    </ClInclude>
    <ClInclude Include="MachineGunController.h">
      <Filter>Header Files</Filter>
    </ClInclude>
    <ClInclude Include="ControlBoard.h">
      <Filter>Pane</Filter>
    </ClInclude>
    <ClInclude Include="MixingView.h">
      <Filter>Pane</Filter>
    </ClInclude>
    <ClInclude Include="MotionWaveView.h">
      <Filter>Pane</Filter>
    </ClInclude>
    <ClInclude Include="X2GraphDialog.h">
      <Filter>Pane</Filter>
    </ClInclude>
    <ClInclude Include="JoystickView.h">
      <Filter>Pane</Filter>
    </ClInclude>
    <ClInclude Include="MotionOutputView.h">
      <Filter>Pane</Filter>
    </ClInclude>
    <ClInclude Include="motionmonitorconfig.h">
      <Filter>Header Files</Filter>
    </ClInclude>
    <ClInclude Include="UDPInputView.h">
      <Filter>Pane</Filter>
    </ClInclude>
    <ClInclude Include="Dirt3Controller.h">
      <Filter>Header Files</Filter>
    </ClInclude>
    <ClInclude Include="SimpleController.h">
      <Filter>Header Files</Filter>
    </ClInclude>
    <ClInclude Include="vitconmotionsim.h">
      <Filter>Header Files</Filter>
    </ClInclude>
    <ClInclude Include="script.h">
      <Filter>Script</Filter>
    </ClInclude>
    <ClInclude Include="mathinterpreter.h">
      <Filter>Script</Filter>
    </ClInclude>
    <ClInclude Include="mathparser.h">
      <Filter>Script</Filter>
    </ClInclude>
    <ClInclude Include="mathscript.h">
      <Filter>Script</Filter>
    </ClInclude>
    <ClInclude Include="protocolparser.h">
      <Filter>Script</Filter>
    </ClInclude>
    <ClInclude Include="plotinputparser.h">
      <Filter>Script</Filter>
    </ClInclude>
    <ClInclude Include="plotinputscript.h">
      <Filter>Script</Filter>
    </ClInclude>
    <ClInclude Include="LauncherConfig.h">
      <Filter>Header Files</Filter>
    </ClInclude>
    <ClInclude Include="ExeTracker.h">
      <Filter>Header Files</Filter>
    </ClInclude>
    <ClInclude Include="LoginDialog.h">
      <Filter>Header Files</Filter>
    </ClInclude>
    <ClInclude Include="LauncherView.h">
      <Filter>Pane</Filter>
    </ClInclude>
    <ClInclude Include="PlotView.h">
      <Filter>Pane</Filter>
    </ClInclude>
    <ClInclude Include="UDPParseView.h">
      <Filter>Pane</Filter>
    </ClInclude>
    <ClInclude Include="EditDlg.h">
      <Filter>Header Files</Filter>
    </ClInclude>
    <ClInclude Include="PlotInputDlg.h">
      <Filter>Header Files</Filter>
    </ClInclude>
    <ClInclude Include="vitconmotionsim2.h">
      <Filter>Header Files</Filter>
    </ClInclude>
    <ClInclude Include="C3DSimulView.h">
      <Filter>Pane</Filter>
    </ClInclude>
    <ClInclude Include="VarModulationView.h">
      <Filter>Pane</Filter>
    </ClInclude>
    <ClInclude Include="Dirt3View.h">
      <Filter>Pane</Filter>
    </ClInclude>
    <ClInclude Include="modulator.h">
      <Filter>Header Files</Filter>
    </ClInclude>
    <ClInclude Include="simplemodulator.h">
      <Filter>Header Files</Filter>
    </ClInclude>
    <ClInclude Include="..\Common\UIComponent\CubeCar.h">
      <Filter>UIComponent</Filter>
    </ClInclude>
  </ItemGroup>
  <ItemGroup>
    <ClCompile Include="MotionMonitor.cpp">
      <Filter>Source Files</Filter>
    </ClCompile>
    <ClCompile Include="stdafx.cpp">
      <Filter>Source Files</Filter>
    </ClCompile>
    <ClCompile Include="MainFrm.cpp">
      <Filter>Source Files</Filter>
    </ClCompile>
    <ClCompile Include="MotionMonitorDoc.cpp">
      <Filter>Source Files</Filter>
    </ClCompile>
    <ClCompile Include="MotionMonitorView.cpp">
      <Filter>Source Files</Filter>
    </ClCompile>
    <ClCompile Include="MotionController.cpp">
      <Filter>Source Files</Filter>
    </ClCompile>
    <ClCompile Include="..\Common\UIComponent\BufferedSerial.cpp">
      <Filter>UIComponent</Filter>
    </ClCompile>
    <ClCompile Include="..\Common\UIComponent\C3DView.cpp">
      <Filter>UIComponent</Filter>
    </ClCompile>
    <ClCompile Include="..\Common\UIComponent\ComPortCombo.cpp">
      <Filter>UIComponent</Filter>
    </ClCompile>
    <ClCompile Include="..\Common\UIComponent\Controller.cpp">
      <Filter>UIComponent</Filter>
    </ClCompile>
    <ClCompile Include="..\Common\UIComponent\DockablePaneBase.cpp">
      <Filter>UIComponent</Filter>
    </ClCompile>
    <ClCompile Include="..\Common\UIComponent\DockablePaneChildView.cpp">
      <Filter>UIComponent</Filter>
    </ClCompile>
    <ClCompile Include="..\Common\UIComponent\EnumDevices.cpp">
      <Filter>UIComponent</Filter>
    </ClCompile>
    <ClCompile Include="..\Common\UIComponent\enumser.cpp">
      <Filter>UIComponent</Filter>
    </ClCompile>
    <ClCompile Include="..\Common\UIComponent\MultiPlotWindow.cpp">
      <Filter>UIComponent</Filter>
    </ClCompile>
    <ClCompile Include="..\Common\UIComponent\PlotWindow.cpp">
      <Filter>UIComponent</Filter>
    </ClCompile>
    <ClCompile Include="..\Common\UIComponent\Serial.cpp">
      <Filter>UIComponent</Filter>
    </ClCompile>
    <ClCompile Include="..\Common\UIComponent\SerialCommunication.cpp">
      <Filter>UIComponent</Filter>
    </ClCompile>
    <ClCompile Include="..\Common\UIComponent\SerialObserver.cpp">
      <Filter>UIComponent</Filter>
    </ClCompile>
    <ClCompile Include="motionwave.cpp">
      <Filter>Source Files</Filter>
    </ClCompile>
    <ClCompile Include="..\Common\UIComponent\FileTreeCtrl.cpp">
      <Filter>UIComponent</Filter>
    </ClCompile>
    <ClCompile Include="..\Common\UIComponent\UIUtiltity.cpp">
      <Filter>UIComponent</Filter>
    </ClCompile>
    <ClCompile Include="mixingconfig.cpp">
      <Filter>Source Files</Filter>
    </ClCompile>
    <ClCompile Include="motionwavemodulator.cpp">
      <Filter>Source Files</Filter>
    </ClCompile>
    <ClCompile Include="..\Common\UIComponent\overhauser.cpp">
      <Filter>UIComponent</Filter>
    </ClCompile>
    <ClCompile Include="spline.cpp">
      <Filter>Header Files</Filter>
    </ClCompile>
    <ClCompile Include="MachineGunController.cpp">
      <Filter>Source Files</Filter>
    </ClCompile>
    <ClCompile Include="Global.cpp">
      <Filter>Pane</Filter>
    </ClCompile>
    <ClCompile Include="ControlBoard.cpp">
      <Filter>Pane</Filter>
    </ClCompile>
    <ClCompile Include="MixingView.cpp">
      <Filter>Pane</Filter>
    </ClCompile>
    <ClCompile Include="JoystickView.cpp">
      <Filter>Pane</Filter>
    </ClCompile>
    <ClCompile Include="MotionOutputView.cpp">
      <Filter>Pane</Filter>
    </ClCompile>
    <ClCompile Include="MotionWaveView.cpp">
      <Filter>Pane</Filter>
    </ClCompile>
    <ClCompile Include="X2GraphDialog.cpp">
      <Filter>Pane</Filter>
    </ClCompile>
    <ClCompile Include="motionmonitorconfig.cpp">
      <Filter>Source Files</Filter>
    </ClCompile>
    <ClCompile Include="UDPInputView.cpp">
      <Filter>Pane</Filter>
    </ClCompile>
    <ClCompile Include="Dirt3Controller.cpp">
      <Filter>Source Files</Filter>
    </ClCompile>
    <ClCompile Include="SimpleController.cpp">
      <Filter>Source Files</Filter>
    </ClCompile>
    <ClCompile Include="vitconmotionsim.cpp">
      <Filter>Source Files</Filter>
    </ClCompile>
    <ClCompile Include="mathinterpreter.cpp">
      <Filter>Script</Filter>
    </ClCompile>
    <ClCompile Include="mathparser.cpp">
      <Filter>Script</Filter>
    </ClCompile>
    <ClCompile Include="mathscript.cpp">
      <Filter>Script</Filter>
    </ClCompile>
    <ClCompile Include="script.cpp">
      <Filter>Script</Filter>
    </ClCompile>
    <ClCompile Include="protocolparser.cpp">
      <Filter>Script</Filter>
    </ClCompile>
    <ClCompile Include="plotinputparser.cpp">
      <Filter>Script</Filter>
    </ClCompile>
    <ClCompile Include="plotinputscript.cpp">
      <Filter>Script</Filter>
    </ClCompile>
    <ClCompile Include="LauncherConfig.cpp">
      <Filter>Source Files</Filter>
    </ClCompile>
    <ClCompile Include="ExeTracker.cpp">
      <Filter>Source Files</Filter>
    </ClCompile>
    <ClCompile Include="LoginDialog.cpp">
      <Filter>Source Files</Filter>
    </ClCompile>
    <ClCompile Include="LauncherView.cpp">
      <Filter>Pane</Filter>
    </ClCompile>
    <ClCompile Include="UDPParseView.cpp">
      <Filter>Pane</Filter>
    </ClCompile>
    <ClCompile Include="PlotView.cpp">
      <Filter>Pane</Filter>
    </ClCompile>
    <ClCompile Include="EditDlg.cpp">
      <Filter>Source Files</Filter>
    </ClCompile>
    <ClCompile Include="PlotInputDlg.cpp">
      <Filter>Source Files</Filter>
    </ClCompile>
    <ClCompile Include="vitconmotionsim2.cpp">
      <Filter>Source Files</Filter>
    </ClCompile>
    <ClCompile Include="C3DSimulView.cpp">
      <Filter>Pane</Filter>
    </ClCompile>
    <ClCompile Include="Dirt3View.cpp">
      <Filter>Pane</Filter>
    </ClCompile>
    <ClCompile Include="VarModulationView.cpp">
      <Filter>Pane</Filter>
    </ClCompile>
    <ClCompile Include="modulator.cpp">
      <Filter>Source Files</Filter>
    </ClCompile>
    <ClCompile Include="simplemodulator.cpp">
      <Filter>Source Files</Filter>
    </ClCompile>
    <ClCompile Include="..\Common\UIComponent\CubeCar.cpp">
      <Filter>UIComponent</Filter>
    </ClCompile>
  </ItemGroup>
  <ItemGroup>
    <ResourceCompile Include="MotionMonitor.rc">
      <Filter>Resource Files</Filter>
    </ResourceCompile>
  </ItemGroup>
  <ItemGroup>
    <Image Include="res\file_view.ico">
      <Filter>Resource Files</Filter>
    </Image>
    <Image Include="res\file_view_hc.ico">
      <Filter>Resource Files</Filter>
    </Image>
    <Image Include="res\class_view.ico">
      <Filter>Resource Files</Filter>
    </Image>
    <Image Include="res\class_view_hc.ico">
      <Filter>Resource Files</Filter>
    </Image>
    <Image Include="res\fileview.bmp">
      <Filter>Resource Files</Filter>
    </Image>
    <Image Include="res\fileview_hc.bmp">
      <Filter>Resource Files</Filter>
    </Image>
    <Image Include="res\classview.bmp">
      <Filter>Resource Files</Filter>
    </Image>
    <Image Include="res\classview_hc.bmp">
      <Filter>Resource Files</Filter>
    </Image>
    <Image Include="res\explorer.bmp">
      <Filter>Resource Files</Filter>
    </Image>
    <Image Include="res\explorer_hc.bmp">
      <Filter>Resource Files</Filter>
    </Image>
    <Image Include="res\sort.bmp">
      <Filter>Resource Files</Filter>
    </Image>
    <Image Include="res\sort_hc.bmp">
      <Filter>Resource Files</Filter>
    </Image>
    <Image Include="res\menuimages.bmp">
      <Filter>Resource Files</Filter>
    </Image>
    <Image Include="res\menuimages_hc.bmp">
      <Filter>Resource Files</Filter>
    </Image>
    <Image Include="res\output_wnd.ico">
      <Filter>Resource Files</Filter>
    </Image>
    <Image Include="res\output_wnd_hc.ico">
      <Filter>Resource Files</Filter>
    </Image>
    <Image Include="res\properties_wnd.ico">
      <Filter>Resource Files</Filter>
    </Image>
    <Image Include="res\properties_wnd_hc.ico">
      <Filter>Resource Files</Filter>
    </Image>
    <Image Include="res\properties.bmp">
      <Filter>Resource Files</Filter>
    </Image>
    <Image Include="res\properties_hc.bmp">
      <Filter>Resource Files</Filter>
    </Image>
    <Image Include="UserImages.bmp">
      <Filter>Resource Files</Filter>
    </Image>
    <Image Include="res\MotionMonitorDoc.ico">
      <Filter>Resource Files</Filter>
    </Image>
    <Image Include="res\MotionMonitor.ico">
      <Filter>Resource Files</Filter>
    </Image>
    <Image Include="res\Toolbar.bmp">
      <Filter>Resource Files</Filter>
    </Image>
    <Image Include="res\Toolbar256.bmp">
      <Filter>Resource Files</Filter>
    </Image>
    <Image Include="res\icon1.ico">
      <Filter>Resource Files</Filter>
    </Image>
    <Image Include="res\imachinegun_x.ico">
      <Filter>Resource Files</Filter>
    </Image>
    <Image Include="res\icon2.ico">
      <Filter>Resource Files</Filter>
    </Image>
    <Image Include="res\machinegun_x.ico">
      <Filter>Resource Files</Filter>
    </Image>
  </ItemGroup>
  <ItemGroup>
    <None Include="res\MotionMonitor.rc2">
      <Filter>Resource Files</Filter>
    </None>
  </ItemGroup>
</Project>